// !$*UTF8*$!
{
	archiveVersion = 1;
	classes = {
	};
	objectVersion = 56;
	objects = {

/* Begin PBXBuildFile section */
		DB04FF482927997500D036EE /* HomeHeaderView.swift in Sources */ = {isa = PBXBuildFile; fileRef = DB04FF472927997500D036EE /* HomeHeaderView.swift */; };
		DB10C60C29184072006457C4 /* AuthorizationCoordinator.swift in Sources */ = {isa = PBXBuildFile; fileRef = DB10C60B29184072006457C4 /* AuthorizationCoordinator.swift */; };
		DB10C612291842B4006457C4 /* HomeViewController.swift in Sources */ = {isa = PBXBuildFile; fileRef = DB10C611291842B4006457C4 /* HomeViewController.swift */; };
		DB10C614291842CC006457C4 /* ProfileViewController.swift in Sources */ = {isa = PBXBuildFile; fileRef = DB10C613291842CC006457C4 /* ProfileViewController.swift */; };
		DB10C61629184328006457C4 /* FavoritesViewController.swift in Sources */ = {isa = PBXBuildFile; fileRef = DB10C61529184328006457C4 /* FavoritesViewController.swift */; };
		DB10C61B291843FE006457C4 /* User.swift in Sources */ = {isa = PBXBuildFile; fileRef = DB10C61A291843FE006457C4 /* User.swift */; };
		DB10C61E2919411F006457C4 /* FirebaseService.swift in Sources */ = {isa = PBXBuildFile; fileRef = DB10C61D2919411F006457C4 /* FirebaseService.swift */; };
		DB10C625291987D5006457C4 /* UIViewControllerExtension.swift in Sources */ = {isa = PBXBuildFile; fileRef = DB10C624291987D5006457C4 /* UIViewControllerExtension.swift */; };
		DB10C628291991BF006457C4 /* ProfileTableViewCell.swift in Sources */ = {isa = PBXBuildFile; fileRef = DB10C627291991BF006457C4 /* ProfileTableViewCell.swift */; };
		DB10C62A291AAA9E006457C4 /* UserDataViewController.swift in Sources */ = {isa = PBXBuildFile; fileRef = DB10C629291AAA9E006457C4 /* UserDataViewController.swift */; };
		DB10C62D291AAE61006457C4 /* AuthorisationPresenter.swift in Sources */ = {isa = PBXBuildFile; fileRef = DB10C62C291AAE61006457C4 /* AuthorisationPresenter.swift */; };
		DB400C5E2918214100CE2A6F /* GoogleService-Info.plist in Resources */ = {isa = PBXBuildFile; fileRef = DB400C5D2918214100CE2A6F /* GoogleService-Info.plist */; };
		DB4781DD2927590B0017E5E9 /* ViewAppProtocol.swift in Sources */ = {isa = PBXBuildFile; fileRef = DB4781DC2927590B0017E5E9 /* ViewAppProtocol.swift */; };
		DB4B52DB29182B1F00141FE0 /* FirebaseAuth in Frameworks */ = {isa = PBXBuildFile; productRef = DB4B52DA29182B1F00141FE0 /* FirebaseAuth */; };
		DB4B52E129182B1F00141FE0 /* FirebaseFirestore in Frameworks */ = {isa = PBXBuildFile; productRef = DB4B52E029182B1F00141FE0 /* FirebaseFirestore */; };
		DB8328942930A05600E60C8C /* MainCoordinator.swift in Sources */ = {isa = PBXBuildFile; fileRef = DB8328932930A05600E60C8C /* MainCoordinator.swift */; };
		DB8328962932549B00E60C8C /* MainTabBarController.swift in Sources */ = {isa = PBXBuildFile; fileRef = DB8328952932549B00E60C8C /* MainTabBarController.swift */; };
		DB832898293258A900E60C8C /* ProfileCoordinator.swift in Sources */ = {isa = PBXBuildFile; fileRef = DB832897293258A900E60C8C /* ProfileCoordinator.swift */; };
		DB83289D29325A8700E60C8C /* BuilderModule.swift in Sources */ = {isa = PBXBuildFile; fileRef = DB83289C29325A8700E60C8C /* BuilderModule.swift */; };
		DB83289F29325C3C00E60C8C /* HomeCoordinator.swift in Sources */ = {isa = PBXBuildFile; fileRef = DB83289E29325C3C00E60C8C /* HomeCoordinator.swift */; };
		DB8328A129325F6900E60C8C /* FavoritesCoordinator.swift in Sources */ = {isa = PBXBuildFile; fileRef = DB8328A029325F6900E60C8C /* FavoritesCoordinator.swift */; };
		DB89595F291561FF00D370B7 /* AppDelegate.swift in Sources */ = {isa = PBXBuildFile; fileRef = DB89595E291561FF00D370B7 /* AppDelegate.swift */; };
		DB895961291561FF00D370B7 /* SceneDelegate.swift in Sources */ = {isa = PBXBuildFile; fileRef = DB895960291561FF00D370B7 /* SceneDelegate.swift */; };
		DB895963291561FF00D370B7 /* FirstEnterViewController.swift in Sources */ = {isa = PBXBuildFile; fileRef = DB895962291561FF00D370B7 /* FirstEnterViewController.swift */; };
		DB8959682915620100D370B7 /* Assets.xcassets in Resources */ = {isa = PBXBuildFile; fileRef = DB8959672915620100D370B7 /* Assets.xcassets */; };
		DB89596B2915620100D370B7 /* LaunchScreen.storyboard in Resources */ = {isa = PBXBuildFile; fileRef = DB8959692915620100D370B7 /* LaunchScreen.storyboard */; };
		DB8959742916469A00D370B7 /* UIViewExtension.swift in Sources */ = {isa = PBXBuildFile; fileRef = DB8959732916469A00D370B7 /* UIViewExtension.swift */; };
		DB895976291647FF00D370B7 /* UIColorExtension.swift in Sources */ = {isa = PBXBuildFile; fileRef = DB895975291647FF00D370B7 /* UIColorExtension.swift */; };
		DB89597929164BDD00D370B7 /* ViewElements.swift in Sources */ = {isa = PBXBuildFile; fileRef = DB89597829164BDD00D370B7 /* ViewElements.swift */; };
		DB89597B29164BF300D370B7 /* ColorSet.swift in Sources */ = {isa = PBXBuildFile; fileRef = DB89597A29164BF300D370B7 /* ColorSet.swift */; };
		DB89597D29164C4900D370B7 /* ImageSet.swift in Sources */ = {isa = PBXBuildFile; fileRef = DB89597C29164C4900D370B7 /* ImageSet.swift */; };
		DB89597F291650A700D370B7 /* UIImageExtension.swift in Sources */ = {isa = PBXBuildFile; fileRef = DB89597E291650A700D370B7 /* UIImageExtension.swift */; };
		DB89598129166B3E00D370B7 /* StringExtension.swift in Sources */ = {isa = PBXBuildFile; fileRef = DB89598029166B3E00D370B7 /* StringExtension.swift */; };
		DB8959832916DDF700D370B7 /* Constants.swift in Sources */ = {isa = PBXBuildFile; fileRef = DB8959822916DDF700D370B7 /* Constants.swift */; };
		DB8959872916EBDF00D370B7 /* RegistrationViewController.swift in Sources */ = {isa = PBXBuildFile; fileRef = DB8959862916EBDF00D370B7 /* RegistrationViewController.swift */; };
		DB8959892916EC8900D370B7 /* StringSet.swift in Sources */ = {isa = PBXBuildFile; fileRef = DB8959882916EC8900D370B7 /* StringSet.swift */; };
		DB89598B2917B02200D370B7 /* ConfirmRegistViewController.swift in Sources */ = {isa = PBXBuildFile; fileRef = DB89598A2917B02200D370B7 /* ConfirmRegistViewController.swift */; };
		DB89598E2917C15E00D370B7 /* LogInViewController.swift in Sources */ = {isa = PBXBuildFile; fileRef = DB89598D2917C15D00D370B7 /* LogInViewController.swift */; };
		DBC0A4A42928E41200A10DC8 /* CoreDataManager.swift in Sources */ = {isa = PBXBuildFile; fileRef = DBC0A4A32928E41200A10DC8 /* CoreDataManager.swift */; };
		DBC0A4A72928E46100A10DC8 /* AppModel.xcdatamodeld in Sources */ = {isa = PBXBuildFile; fileRef = DBC0A4A52928E46100A10DC8 /* AppModel.xcdatamodeld */; };
		DBE9C4F02920FC2A00AB525C /* PhotosTableViewCell.swift in Sources */ = {isa = PBXBuildFile; fileRef = DBE9C4EF2920FC2A00AB525C /* PhotosTableViewCell.swift */; };
		DBE9C4F2292170EC00AB525C /* Post.swift in Sources */ = {isa = PBXBuildFile; fileRef = DBE9C4F1292170EC00AB525C /* Post.swift */; };
		DBE9C4F42921752100AB525C /* PostTableViewCell.swift in Sources */ = {isa = PBXBuildFile; fileRef = DBE9C4F32921752100AB525C /* PostTableViewCell.swift */; };
		DBE9C4F62921755E00AB525C /* PostHeaderView.swift in Sources */ = {isa = PBXBuildFile; fileRef = DBE9C4F52921755E00AB525C /* PostHeaderView.swift */; };
		DBE9C4FF29227CAA00AB525C /* AppPresentor.swift in Sources */ = {isa = PBXBuildFile; fileRef = DBE9C4FE29227CAA00AB525C /* AppPresentor.swift */; };
		DBE9C5032922804200AB525C /* AddPostViewController.swift in Sources */ = {isa = PBXBuildFile; fileRef = DBE9C5022922804200AB525C /* AddPostViewController.swift */; };
		DBEB89692928F9EC00D9EAF5 /* PostModel+CoreDataClass.swift in Sources */ = {isa = PBXBuildFile; fileRef = DBEB89672928F9EC00D9EAF5 /* PostModel+CoreDataClass.swift */; };
		DBEB896A2928F9EC00D9EAF5 /* PostModel+CoreDataProperties.swift in Sources */ = {isa = PBXBuildFile; fileRef = DBEB89682928F9EC00D9EAF5 /* PostModel+CoreDataProperties.swift */; };
		DBEB896D29297AA000D9EAF5 /* PhotosViewController.swift in Sources */ = {isa = PBXBuildFile; fileRef = DBEB896C29297AA000D9EAF5 /* PhotosViewController.swift */; };
		DBEB896F292A5FE400D9EAF5 /* PhotoItemCell.swift in Sources */ = {isa = PBXBuildFile; fileRef = DBEB896E292A5FE400D9EAF5 /* PhotoItemCell.swift */; };
		DBEB8971292AA0DC00D9EAF5 /* PhotoPreview.swift in Sources */ = {isa = PBXBuildFile; fileRef = DBEB8970292AA0DC00D9EAF5 /* PhotoPreview.swift */; };
		DBEB8976292AAA5E00D9EAF5 /* FileManagerService.swift in Sources */ = {isa = PBXBuildFile; fileRef = DBEB8975292AAA5E00D9EAF5 /* FileManagerService.swift */; };
/* End PBXBuildFile section */

/* Begin PBXFileReference section */
		DB04FF472927997500D036EE /* HomeHeaderView.swift */ = {isa = PBXFileReference; lastKnownFileType = sourcecode.swift; path = HomeHeaderView.swift; sourceTree = "<group>"; };
		DB10C60B29184072006457C4 /* AuthorizationCoordinator.swift */ = {isa = PBXFileReference; lastKnownFileType = sourcecode.swift; path = AuthorizationCoordinator.swift; sourceTree = "<group>"; };
		DB10C611291842B4006457C4 /* HomeViewController.swift */ = {isa = PBXFileReference; lastKnownFileType = sourcecode.swift; path = HomeViewController.swift; sourceTree = "<group>"; };
		DB10C613291842CC006457C4 /* ProfileViewController.swift */ = {isa = PBXFileReference; lastKnownFileType = sourcecode.swift; path = ProfileViewController.swift; sourceTree = "<group>"; };
		DB10C61529184328006457C4 /* FavoritesViewController.swift */ = {isa = PBXFileReference; lastKnownFileType = sourcecode.swift; path = FavoritesViewController.swift; sourceTree = "<group>"; };
		DB10C61A291843FE006457C4 /* User.swift */ = {isa = PBXFileReference; lastKnownFileType = sourcecode.swift; path = User.swift; sourceTree = "<group>"; };
		DB10C61D2919411F006457C4 /* FirebaseService.swift */ = {isa = PBXFileReference; lastKnownFileType = sourcecode.swift; path = FirebaseService.swift; sourceTree = "<group>"; };
		DB10C624291987D5006457C4 /* UIViewControllerExtension.swift */ = {isa = PBXFileReference; lastKnownFileType = sourcecode.swift; path = UIViewControllerExtension.swift; sourceTree = "<group>"; };
		DB10C627291991BF006457C4 /* ProfileTableViewCell.swift */ = {isa = PBXFileReference; lastKnownFileType = sourcecode.swift; path = ProfileTableViewCell.swift; sourceTree = "<group>"; };
		DB10C629291AAA9E006457C4 /* UserDataViewController.swift */ = {isa = PBXFileReference; lastKnownFileType = sourcecode.swift; path = UserDataViewController.swift; sourceTree = "<group>"; };
		DB10C62C291AAE61006457C4 /* AuthorisationPresenter.swift */ = {isa = PBXFileReference; lastKnownFileType = sourcecode.swift; path = AuthorisationPresenter.swift; sourceTree = "<group>"; };
		DB400C5D2918214100CE2A6F /* GoogleService-Info.plist */ = {isa = PBXFileReference; fileEncoding = 4; lastKnownFileType = text.plist.xml; path = "GoogleService-Info.plist"; sourceTree = "<group>"; };
		DB4781DC2927590B0017E5E9 /* ViewAppProtocol.swift */ = {isa = PBXFileReference; lastKnownFileType = sourcecode.swift; path = ViewAppProtocol.swift; sourceTree = "<group>"; };
		DB8328932930A05600E60C8C /* MainCoordinator.swift */ = {isa = PBXFileReference; lastKnownFileType = sourcecode.swift; path = MainCoordinator.swift; sourceTree = "<group>"; };
		DB8328952932549B00E60C8C /* MainTabBarController.swift */ = {isa = PBXFileReference; lastKnownFileType = sourcecode.swift; path = MainTabBarController.swift; sourceTree = "<group>"; };
		DB832897293258A900E60C8C /* ProfileCoordinator.swift */ = {isa = PBXFileReference; lastKnownFileType = sourcecode.swift; path = ProfileCoordinator.swift; sourceTree = "<group>"; };
		DB83289C29325A8700E60C8C /* BuilderModule.swift */ = {isa = PBXFileReference; lastKnownFileType = sourcecode.swift; path = BuilderModule.swift; sourceTree = "<group>"; };
		DB83289E29325C3C00E60C8C /* HomeCoordinator.swift */ = {isa = PBXFileReference; lastKnownFileType = sourcecode.swift; path = HomeCoordinator.swift; sourceTree = "<group>"; };
		DB8328A029325F6900E60C8C /* FavoritesCoordinator.swift */ = {isa = PBXFileReference; lastKnownFileType = sourcecode.swift; path = FavoritesCoordinator.swift; sourceTree = "<group>"; };
		DB89595B291561FF00D370B7 /* VillageApp.app */ = {isa = PBXFileReference; explicitFileType = wrapper.application; includeInIndex = 0; path = VillageApp.app; sourceTree = BUILT_PRODUCTS_DIR; };
		DB89595E291561FF00D370B7 /* AppDelegate.swift */ = {isa = PBXFileReference; lastKnownFileType = sourcecode.swift; path = AppDelegate.swift; sourceTree = "<group>"; };
		DB895960291561FF00D370B7 /* SceneDelegate.swift */ = {isa = PBXFileReference; lastKnownFileType = sourcecode.swift; path = SceneDelegate.swift; sourceTree = "<group>"; };
		DB895962291561FF00D370B7 /* FirstEnterViewController.swift */ = {isa = PBXFileReference; lastKnownFileType = sourcecode.swift; path = FirstEnterViewController.swift; sourceTree = "<group>"; };
		DB8959672915620100D370B7 /* Assets.xcassets */ = {isa = PBXFileReference; lastKnownFileType = folder.assetcatalog; path = Assets.xcassets; sourceTree = "<group>"; };
		DB89596C2915620100D370B7 /* Info.plist */ = {isa = PBXFileReference; lastKnownFileType = text.plist.xml; path = Info.plist; sourceTree = "<group>"; };
		DB8959732916469A00D370B7 /* UIViewExtension.swift */ = {isa = PBXFileReference; lastKnownFileType = sourcecode.swift; path = UIViewExtension.swift; sourceTree = "<group>"; };
		DB895975291647FF00D370B7 /* UIColorExtension.swift */ = {isa = PBXFileReference; lastKnownFileType = sourcecode.swift; path = UIColorExtension.swift; sourceTree = "<group>"; };
		DB89597829164BDD00D370B7 /* ViewElements.swift */ = {isa = PBXFileReference; lastKnownFileType = sourcecode.swift; path = ViewElements.swift; sourceTree = "<group>"; };
		DB89597A29164BF300D370B7 /* ColorSet.swift */ = {isa = PBXFileReference; lastKnownFileType = sourcecode.swift; path = ColorSet.swift; sourceTree = "<group>"; };
		DB89597C29164C4900D370B7 /* ImageSet.swift */ = {isa = PBXFileReference; lastKnownFileType = sourcecode.swift; path = ImageSet.swift; sourceTree = "<group>"; };
		DB89597E291650A700D370B7 /* UIImageExtension.swift */ = {isa = PBXFileReference; lastKnownFileType = sourcecode.swift; path = UIImageExtension.swift; sourceTree = "<group>"; };
		DB89598029166B3E00D370B7 /* StringExtension.swift */ = {isa = PBXFileReference; lastKnownFileType = sourcecode.swift; path = StringExtension.swift; sourceTree = "<group>"; };
		DB8959822916DDF700D370B7 /* Constants.swift */ = {isa = PBXFileReference; lastKnownFileType = sourcecode.swift; path = Constants.swift; sourceTree = "<group>"; };
		DB8959862916EBDF00D370B7 /* RegistrationViewController.swift */ = {isa = PBXFileReference; lastKnownFileType = sourcecode.swift; path = RegistrationViewController.swift; sourceTree = "<group>"; };
		DB8959882916EC8900D370B7 /* StringSet.swift */ = {isa = PBXFileReference; lastKnownFileType = sourcecode.swift; path = StringSet.swift; sourceTree = "<group>"; };
		DB89598A2917B02200D370B7 /* ConfirmRegistViewController.swift */ = {isa = PBXFileReference; lastKnownFileType = sourcecode.swift; path = ConfirmRegistViewController.swift; sourceTree = "<group>"; };
		DB89598D2917C15D00D370B7 /* LogInViewController.swift */ = {isa = PBXFileReference; lastKnownFileType = sourcecode.swift; path = LogInViewController.swift; sourceTree = "<group>"; };
		DBC0A4A32928E41200A10DC8 /* CoreDataManager.swift */ = {isa = PBXFileReference; lastKnownFileType = sourcecode.swift; path = CoreDataManager.swift; sourceTree = "<group>"; };
		DBC0A4A62928E46100A10DC8 /* AppModel.xcdatamodel */ = {isa = PBXFileReference; lastKnownFileType = wrapper.xcdatamodel; path = AppModel.xcdatamodel; sourceTree = "<group>"; };
		DBE9C4EF2920FC2A00AB525C /* PhotosTableViewCell.swift */ = {isa = PBXFileReference; lastKnownFileType = sourcecode.swift; path = PhotosTableViewCell.swift; sourceTree = "<group>"; };
		DBE9C4F1292170EC00AB525C /* Post.swift */ = {isa = PBXFileReference; lastKnownFileType = sourcecode.swift; path = Post.swift; sourceTree = "<group>"; };
		DBE9C4F32921752100AB525C /* PostTableViewCell.swift */ = {isa = PBXFileReference; lastKnownFileType = sourcecode.swift; path = PostTableViewCell.swift; sourceTree = "<group>"; };
		DBE9C4F52921755E00AB525C /* PostHeaderView.swift */ = {isa = PBXFileReference; lastKnownFileType = sourcecode.swift; path = PostHeaderView.swift; sourceTree = "<group>"; };
		DBE9C4FE29227CAA00AB525C /* AppPresentor.swift */ = {isa = PBXFileReference; lastKnownFileType = sourcecode.swift; path = AppPresentor.swift; sourceTree = "<group>"; };
		DBE9C5022922804200AB525C /* AddPostViewController.swift */ = {isa = PBXFileReference; lastKnownFileType = sourcecode.swift; path = AddPostViewController.swift; sourceTree = "<group>"; };
		DBEB89672928F9EC00D9EAF5 /* PostModel+CoreDataClass.swift */ = {isa = PBXFileReference; lastKnownFileType = sourcecode.swift; path = "PostModel+CoreDataClass.swift"; sourceTree = "<group>"; };
		DBEB89682928F9EC00D9EAF5 /* PostModel+CoreDataProperties.swift */ = {isa = PBXFileReference; lastKnownFileType = sourcecode.swift; path = "PostModel+CoreDataProperties.swift"; sourceTree = "<group>"; };
		DBEB896C29297AA000D9EAF5 /* PhotosViewController.swift */ = {isa = PBXFileReference; lastKnownFileType = sourcecode.swift; path = PhotosViewController.swift; sourceTree = "<group>"; };
		DBEB896E292A5FE400D9EAF5 /* PhotoItemCell.swift */ = {isa = PBXFileReference; lastKnownFileType = sourcecode.swift; path = PhotoItemCell.swift; sourceTree = "<group>"; };
		DBEB8970292AA0DC00D9EAF5 /* PhotoPreview.swift */ = {isa = PBXFileReference; lastKnownFileType = sourcecode.swift; path = PhotoPreview.swift; sourceTree = "<group>"; };
		DBEB8975292AAA5E00D9EAF5 /* FileManagerService.swift */ = {isa = PBXFileReference; lastKnownFileType = sourcecode.swift; path = FileManagerService.swift; sourceTree = "<group>"; };
		DBF1DC5029335EDD009171AC /* Base */ = {isa = PBXFileReference; lastKnownFileType = file.storyboard; name = Base; path = Base.lproj/LaunchScreen.storyboard; sourceTree = "<group>"; };
/* End PBXFileReference section */

/* Begin PBXFrameworksBuildPhase section */
		DB895958291561FF00D370B7 /* Frameworks */ = {
			isa = PBXFrameworksBuildPhase;
			buildActionMask = 2147483647;
			files = (
				DB4B52E129182B1F00141FE0 /* FirebaseFirestore in Frameworks */,
				DB4B52DB29182B1F00141FE0 /* FirebaseAuth in Frameworks */,
			);
			runOnlyForDeploymentPostprocessing = 0;
		};
/* End PBXFrameworksBuildPhase section */

/* Begin PBXGroup section */
		DB04FF462927993100D036EE /* Cell */ = {
			isa = PBXGroup;
			children = (
				DB04FF472927997500D036EE /* HomeHeaderView.swift */,
			);
			path = Cell;
			sourceTree = "<group>";
		};
		DB04FF4929279C7000D036EE /* CoreData */ = {
			isa = PBXGroup;
			children = (
				DBEB89682928F9EC00D9EAF5 /* PostModel+CoreDataProperties.swift */,
				DBEB89672928F9EC00D9EAF5 /* PostModel+CoreDataClass.swift */,
				DBC0A4A32928E41200A10DC8 /* CoreDataManager.swift */,
				DBC0A4A52928E46100A10DC8 /* AppModel.xcdatamodeld */,
			);
			path = CoreData;
			sourceTree = "<group>";
		};
		DB10C610291841D1006457C4 /* CoreApp */ = {
			isa = PBXGroup;
			children = (
				DB4781DC2927590B0017E5E9 /* ViewAppProtocol.swift */,
				DB83289B2932599800E60C8C /* Coordinators */,
				DB8328A32932A0E400E60C8C /* Presentor */,
				DB10C620291959B7006457C4 /* Home */,
				DB10C621291959D6006457C4 /* Favorites */,
				DB10C61F291959A1006457C4 /* Profile */,
				DBE9C4EE2920FBA600AB525C /* Cells */,
			);
			path = CoreApp;
			sourceTree = "<group>";
		};
		DB10C619291843E8006457C4 /* Model */ = {
			isa = PBXGroup;
			children = (
				DB10C61A291843FE006457C4 /* User.swift */,
				DBE9C4F1292170EC00AB525C /* Post.swift */,
			);
			path = Model;
			sourceTree = "<group>";
		};
		DB10C61C291940EE006457C4 /* FirebaseService */ = {
			isa = PBXGroup;
			children = (
				DB10C61D2919411F006457C4 /* FirebaseService.swift */,
			);
			path = FirebaseService;
			sourceTree = "<group>";
		};
		DB10C61F291959A1006457C4 /* Profile */ = {
			isa = PBXGroup;
			children = (
				DB10C613291842CC006457C4 /* ProfileViewController.swift */,
				DBE9C5022922804200AB525C /* AddPostViewController.swift */,
				DBEB896C29297AA000D9EAF5 /* PhotosViewController.swift */,
				DBEB8970292AA0DC00D9EAF5 /* PhotoPreview.swift */,
			);
			path = Profile;
			sourceTree = "<group>";
		};
		DB10C620291959B7006457C4 /* Home */ = {
			isa = PBXGroup;
			children = (
				DB10C611291842B4006457C4 /* HomeViewController.swift */,
				DB04FF462927993100D036EE /* Cell */,
			);
			path = Home;
			sourceTree = "<group>";
		};
		DB10C621291959D6006457C4 /* Favorites */ = {
			isa = PBXGroup;
			children = (
				DB10C61529184328006457C4 /* FavoritesViewController.swift */,
			);
			path = Favorites;
			sourceTree = "<group>";
		};
		DB10C62629198D0C006457C4 /* Coordinator */ = {
			isa = PBXGroup;
			children = (
				DB10C60B29184072006457C4 /* AuthorizationCoordinator.swift */,
			);
			path = Coordinator;
			sourceTree = "<group>";
		};
		DB10C62B291AAE2F006457C4 /* Presenter */ = {
			isa = PBXGroup;
			children = (
				DB10C62C291AAE61006457C4 /* AuthorisationPresenter.swift */,
			);
			path = Presenter;
			sourceTree = "<group>";
		};
		DB83289B2932599800E60C8C /* Coordinators */ = {
			isa = PBXGroup;
			children = (
				DB832897293258A900E60C8C /* ProfileCoordinator.swift */,
				DB83289E29325C3C00E60C8C /* HomeCoordinator.swift */,
				DB8328A029325F6900E60C8C /* FavoritesCoordinator.swift */,
			);
			path = Coordinators;
			sourceTree = "<group>";
		};
		DB8328A32932A0E400E60C8C /* Presentor */ = {
			isa = PBXGroup;
			children = (
				DBE9C4FE29227CAA00AB525C /* AppPresentor.swift */,
			);
			path = Presentor;
			sourceTree = "<group>";
		};
		DB895952291561FF00D370B7 = {
			isa = PBXGroup;
			children = (
				DB89595D291561FF00D370B7 /* VillageApp */,
				DB89595C291561FF00D370B7 /* Products */,
			);
			sourceTree = "<group>";
		};
		DB89595C291561FF00D370B7 /* Products */ = {
			isa = PBXGroup;
			children = (
				DB89595B291561FF00D370B7 /* VillageApp.app */,
			);
			name = Products;
			sourceTree = "<group>";
		};
		DB89595D291561FF00D370B7 /* VillageApp */ = {
			isa = PBXGroup;
			children = (
				DB89595E291561FF00D370B7 /* AppDelegate.swift */,
				DB895960291561FF00D370B7 /* SceneDelegate.swift */,
				DB8328932930A05600E60C8C /* MainCoordinator.swift */,
				DB83289C29325A8700E60C8C /* BuilderModule.swift */,
				DB8328952932549B00E60C8C /* MainTabBarController.swift */,
				DB10C610291841D1006457C4 /* CoreApp */,
				DB89598C2917B08D00D370B7 /* Authorization */,
				DB10C619291843E8006457C4 /* Model */,
				DB10C61C291940EE006457C4 /* FirebaseService */,
				DB04FF4929279C7000D036EE /* CoreData */,
				DBEB8974292AA9F500D9EAF5 /* FileManager */,
				DB8959722915949500D370B7 /* Support */,
				DB8959672915620100D370B7 /* Assets.xcassets */,
				DB8959692915620100D370B7 /* LaunchScreen.storyboard */,
				DB89596C2915620100D370B7 /* Info.plist */,
				DB400C5D2918214100CE2A6F /* GoogleService-Info.plist */,
			);
			path = VillageApp;
			sourceTree = "<group>";
		};
		DB8959722915949500D370B7 /* Support */ = {
			isa = PBXGroup;
			children = (
				DB89597729164AE700D370B7 /* Extension */,
				DB89597829164BDD00D370B7 /* ViewElements.swift */,
				DB89597A29164BF300D370B7 /* ColorSet.swift */,
				DB89597C29164C4900D370B7 /* ImageSet.swift */,
				DB8959822916DDF700D370B7 /* Constants.swift */,
				DB8959882916EC8900D370B7 /* StringSet.swift */,
			);
			path = Support;
			sourceTree = "<group>";
		};
		DB89597729164AE700D370B7 /* Extension */ = {
			isa = PBXGroup;
			children = (
				DB895975291647FF00D370B7 /* UIColorExtension.swift */,
				DB8959732916469A00D370B7 /* UIViewExtension.swift */,
				DB89597E291650A700D370B7 /* UIImageExtension.swift */,
				DB89598029166B3E00D370B7 /* StringExtension.swift */,
				DB10C624291987D5006457C4 /* UIViewControllerExtension.swift */,
			);
			path = Extension;
			sourceTree = "<group>";
		};
		DB89598C2917B08D00D370B7 /* Authorization */ = {
			isa = PBXGroup;
			children = (
				DB10C62B291AAE2F006457C4 /* Presenter */,
				DB10C62629198D0C006457C4 /* Coordinator */,
				DBE9C4FD2922311700AB525C /* ViewAuth */,
			);
			path = Authorization;
			sourceTree = "<group>";
		};
		DBE9C4EE2920FBA600AB525C /* Cells */ = {
			isa = PBXGroup;
			children = (
				DBEB896B2929132C00D9EAF5 /* PostCell */,
				DB10C627291991BF006457C4 /* ProfileTableViewCell.swift */,
				DBE9C4EF2920FC2A00AB525C /* PhotosTableViewCell.swift */,
				DBE9C4F52921755E00AB525C /* PostHeaderView.swift */,
				DBEB896E292A5FE400D9EAF5 /* PhotoItemCell.swift */,
			);
			path = Cells;
			sourceTree = "<group>";
		};
		DBE9C4FD2922311700AB525C /* ViewAuth */ = {
			isa = PBXGroup;
			children = (
				DB895962291561FF00D370B7 /* FirstEnterViewController.swift */,
				DB8959862916EBDF00D370B7 /* RegistrationViewController.swift */,
				DB89598A2917B02200D370B7 /* ConfirmRegistViewController.swift */,
				DB89598D2917C15D00D370B7 /* LogInViewController.swift */,
				DB10C629291AAA9E006457C4 /* UserDataViewController.swift */,
			);
			path = ViewAuth;
			sourceTree = "<group>";
		};
		DBEB896B2929132C00D9EAF5 /* PostCell */ = {
			isa = PBXGroup;
			children = (
				DBE9C4F32921752100AB525C /* PostTableViewCell.swift */,
			);
			path = PostCell;
			sourceTree = "<group>";
		};
		DBEB8974292AA9F500D9EAF5 /* FileManager */ = {
			isa = PBXGroup;
			children = (
				DBEB8975292AAA5E00D9EAF5 /* FileManagerService.swift */,
			);
			path = FileManager;
			sourceTree = "<group>";
		};
/* End PBXGroup section */

/* Begin PBXNativeTarget section */
		DB89595A291561FF00D370B7 /* VillageApp */ = {
			isa = PBXNativeTarget;
			buildConfigurationList = DB89596F2915620100D370B7 /* Build configuration list for PBXNativeTarget "VillageApp" */;
			buildPhases = (
				DB895957291561FF00D370B7 /* Sources */,
				DB895958291561FF00D370B7 /* Frameworks */,
				DB895959291561FF00D370B7 /* Resources */,
			);
			buildRules = (
			);
			dependencies = (
			);
			name = VillageApp;
			packageProductDependencies = (
				DB4B52DA29182B1F00141FE0 /* FirebaseAuth */,
				DB4B52E029182B1F00141FE0 /* FirebaseFirestore */,
			);
			productName = VillageApp;
			productReference = DB89595B291561FF00D370B7 /* VillageApp.app */;
			productType = "com.apple.product-type.application";
		};
/* End PBXNativeTarget section */

/* Begin PBXProject section */
		DB895953291561FF00D370B7 /* Project object */ = {
			isa = PBXProject;
			attributes = {
				BuildIndependentTargetsInParallel = 1;
				LastSwiftUpdateCheck = 1400;
				LastUpgradeCheck = 1400;
				TargetAttributes = {
					DB89595A291561FF00D370B7 = {
						CreatedOnToolsVersion = 14.0.1;
					};
				};
			};
			buildConfigurationList = DB895956291561FF00D370B7 /* Build configuration list for PBXProject "VillageApp" */;
			compatibilityVersion = "Xcode 14.0";
			developmentRegion = en;
			hasScannedForEncodings = 0;
			knownRegions = (
				en,
				ru,
				Base,
			);
			mainGroup = DB895952291561FF00D370B7;
			packageReferences = (
				DB4B52D929182B1F00141FE0 /* XCRemoteSwiftPackageReference "firebase-ios-sdk" */,
			);
			productRefGroup = DB89595C291561FF00D370B7 /* Products */;
			projectDirPath = "";
			projectRoot = "";
			targets = (
				DB89595A291561FF00D370B7 /* VillageApp */,
			);
		};
/* End PBXProject section */

/* Begin PBXResourcesBuildPhase section */
		DB895959291561FF00D370B7 /* Resources */ = {
			isa = PBXResourcesBuildPhase;
			buildActionMask = 2147483647;
			files = (
				DB89596B2915620100D370B7 /* LaunchScreen.storyboard in Resources */,
				DB8959682915620100D370B7 /* Assets.xcassets in Resources */,
				DB400C5E2918214100CE2A6F /* GoogleService-Info.plist in Resources */,
			);
			runOnlyForDeploymentPostprocessing = 0;
		};
/* End PBXResourcesBuildPhase section */

/* Begin PBXSourcesBuildPhase section */
		DB895957291561FF00D370B7 /* Sources */ = {
			isa = PBXSourcesBuildPhase;
			buildActionMask = 2147483647;
			files = (
				DB89597D29164C4900D370B7 /* ImageSet.swift in Sources */,
				DB895963291561FF00D370B7 /* FirstEnterViewController.swift in Sources */,
				DBE9C4FF29227CAA00AB525C /* AppPresentor.swift in Sources */,
				DBEB8976292AAA5E00D9EAF5 /* FileManagerService.swift in Sources */,
				DB10C62A291AAA9E006457C4 /* UserDataViewController.swift in Sources */,
				DB8328942930A05600E60C8C /* MainCoordinator.swift in Sources */,
				DB10C61E2919411F006457C4 /* FirebaseService.swift in Sources */,
				DBC0A4A42928E41200A10DC8 /* CoreDataManager.swift in Sources */,
				DBE9C4F42921752100AB525C /* PostTableViewCell.swift in Sources */,
				DB89598129166B3E00D370B7 /* StringExtension.swift in Sources */,
				DB8328A129325F6900E60C8C /* FavoritesCoordinator.swift in Sources */,
				DBEB896D29297AA000D9EAF5 /* PhotosViewController.swift in Sources */,
				DB89597B29164BF300D370B7 /* ColorSet.swift in Sources */,
				DB83289D29325A8700E60C8C /* BuilderModule.swift in Sources */,
				DB10C62D291AAE61006457C4 /* AuthorisationPresenter.swift in Sources */,
				DB10C60C29184072006457C4 /* AuthorizationCoordinator.swift in Sources */,
				DB10C628291991BF006457C4 /* ProfileTableViewCell.swift in Sources */,
				DBE9C4F62921755E00AB525C /* PostHeaderView.swift in Sources */,
				DB10C612291842B4006457C4 /* HomeViewController.swift in Sources */,
				DB89595F291561FF00D370B7 /* AppDelegate.swift in Sources */,
				DB89598B2917B02200D370B7 /* ConfirmRegistViewController.swift in Sources */,
				DB895976291647FF00D370B7 /* UIColorExtension.swift in Sources */,
				DB10C614291842CC006457C4 /* ProfileViewController.swift in Sources */,
				DBEB89692928F9EC00D9EAF5 /* PostModel+CoreDataClass.swift in Sources */,
				DB8959872916EBDF00D370B7 /* RegistrationViewController.swift in Sources */,
				DB89598E2917C15E00D370B7 /* LogInViewController.swift in Sources */,
				DB8959892916EC8900D370B7 /* StringSet.swift in Sources */,
				DBEB8971292AA0DC00D9EAF5 /* PhotoPreview.swift in Sources */,
				DB83289F29325C3C00E60C8C /* HomeCoordinator.swift in Sources */,
				DBE9C4F02920FC2A00AB525C /* PhotosTableViewCell.swift in Sources */,
				DBEB896A2928F9EC00D9EAF5 /* PostModel+CoreDataProperties.swift in Sources */,
				DBC0A4A72928E46100A10DC8 /* AppModel.xcdatamodeld in Sources */,
				DBE9C4F2292170EC00AB525C /* Post.swift in Sources */,
				DB4781DD2927590B0017E5E9 /* ViewAppProtocol.swift in Sources */,
				DB8328962932549B00E60C8C /* MainTabBarController.swift in Sources */,
				DB89597F291650A700D370B7 /* UIImageExtension.swift in Sources */,
				DB04FF482927997500D036EE /* HomeHeaderView.swift in Sources */,
				DB832898293258A900E60C8C /* ProfileCoordinator.swift in Sources */,
				DB8959742916469A00D370B7 /* UIViewExtension.swift in Sources */,
				DB8959832916DDF700D370B7 /* Constants.swift in Sources */,
				DB895961291561FF00D370B7 /* SceneDelegate.swift in Sources */,
				DB10C625291987D5006457C4 /* UIViewControllerExtension.swift in Sources */,
				DB89597929164BDD00D370B7 /* ViewElements.swift in Sources */,
				DB10C61629184328006457C4 /* FavoritesViewController.swift in Sources */,
				DBE9C5032922804200AB525C /* AddPostViewController.swift in Sources */,
				DBEB896F292A5FE400D9EAF5 /* PhotoItemCell.swift in Sources */,
				DB10C61B291843FE006457C4 /* User.swift in Sources */,
			);
			runOnlyForDeploymentPostprocessing = 0;
		};
/* End PBXSourcesBuildPhase section */

/* Begin PBXVariantGroup section */
		DB8959692915620100D370B7 /* LaunchScreen.storyboard */ = {
			isa = PBXVariantGroup;
			children = (
				DBF1DC5029335EDD009171AC /* Base */,
			);
			name = LaunchScreen.storyboard;
			sourceTree = "<group>";
		};
/* End PBXVariantGroup section */

/* Begin XCBuildConfiguration section */
		DB89596D2915620100D370B7 /* Debug */ = {
			isa = XCBuildConfiguration;
			buildSettings = {
				ALWAYS_SEARCH_USER_PATHS = NO;
				CLANG_ANALYZER_LOCALIZABILITY_NONLOCALIZED = YES;
				CLANG_ANALYZER_NONNULL = YES;
				CLANG_ANALYZER_NUMBER_OBJECT_CONVERSION = YES_AGGRESSIVE;
				CLANG_CXX_LANGUAGE_STANDARD = "gnu++20";
				CLANG_ENABLE_MODULES = YES;
				CLANG_ENABLE_OBJC_ARC = YES;
				CLANG_ENABLE_OBJC_WEAK = YES;
				CLANG_WARN_BLOCK_CAPTURE_AUTORELEASING = YES;
				CLANG_WARN_BOOL_CONVERSION = YES;
				CLANG_WARN_COMMA = YES;
				CLANG_WARN_CONSTANT_CONVERSION = YES;
				CLANG_WARN_DEPRECATED_OBJC_IMPLEMENTATIONS = YES;
				CLANG_WARN_DIRECT_OBJC_ISA_USAGE = YES_ERROR;
				CLANG_WARN_DOCUMENTATION_COMMENTS = YES;
				CLANG_WARN_EMPTY_BODY = YES;
				CLANG_WARN_ENUM_CONVERSION = YES;
				CLANG_WARN_INFINITE_RECURSION = YES;
				CLANG_WARN_INT_CONVERSION = YES;
				CLANG_WARN_NON_LITERAL_NULL_CONVERSION = YES;
				CLANG_WARN_OBJC_IMPLICIT_RETAIN_SELF = YES;
				CLANG_WARN_OBJC_LITERAL_CONVERSION = YES;
				CLANG_WARN_OBJC_ROOT_CLASS = YES_ERROR;
				CLANG_WARN_QUOTED_INCLUDE_IN_FRAMEWORK_HEADER = YES;
				CLANG_WARN_RANGE_LOOP_ANALYSIS = YES;
				CLANG_WARN_STRICT_PROTOTYPES = YES;
				CLANG_WARN_SUSPICIOUS_MOVE = YES;
				CLANG_WARN_UNGUARDED_AVAILABILITY = YES_AGGRESSIVE;
				CLANG_WARN_UNREACHABLE_CODE = YES;
				CLANG_WARN__DUPLICATE_METHOD_MATCH = YES;
				COPY_PHASE_STRIP = NO;
				DEBUG_INFORMATION_FORMAT = dwarf;
				ENABLE_STRICT_OBJC_MSGSEND = YES;
				ENABLE_TESTABILITY = YES;
				GCC_C_LANGUAGE_STANDARD = gnu11;
				GCC_DYNAMIC_NO_PIC = NO;
				GCC_NO_COMMON_BLOCKS = YES;
				GCC_OPTIMIZATION_LEVEL = 0;
				GCC_PREPROCESSOR_DEFINITIONS = (
					"DEBUG=1",
					"$(inherited)",
				);
				GCC_WARN_64_TO_32_BIT_CONVERSION = YES;
				GCC_WARN_ABOUT_RETURN_TYPE = YES_ERROR;
				GCC_WARN_UNDECLARED_SELECTOR = YES;
				GCC_WARN_UNINITIALIZED_AUTOS = YES_AGGRESSIVE;
				GCC_WARN_UNUSED_FUNCTION = YES;
				GCC_WARN_UNUSED_VARIABLE = YES;
				IPHONEOS_DEPLOYMENT_TARGET = 16.0;
				MTL_ENABLE_DEBUG_INFO = INCLUDE_SOURCE;
				MTL_FAST_MATH = YES;
				ONLY_ACTIVE_ARCH = YES;
				SDKROOT = iphoneos;
				SWIFT_ACTIVE_COMPILATION_CONDITIONS = DEBUG;
				SWIFT_OPTIMIZATION_LEVEL = "-Onone";
			};
			name = Debug;
		};
		DB89596E2915620100D370B7 /* Release */ = {
			isa = XCBuildConfiguration;
			buildSettings = {
				ALWAYS_SEARCH_USER_PATHS = NO;
				CLANG_ANALYZER_LOCALIZABILITY_NONLOCALIZED = YES;
				CLANG_ANALYZER_NONNULL = YES;
				CLANG_ANALYZER_NUMBER_OBJECT_CONVERSION = YES_AGGRESSIVE;
				CLANG_CXX_LANGUAGE_STANDARD = "gnu++20";
				CLANG_ENABLE_MODULES = YES;
				CLANG_ENABLE_OBJC_ARC = YES;
				CLANG_ENABLE_OBJC_WEAK = YES;
				CLANG_WARN_BLOCK_CAPTURE_AUTORELEASING = YES;
				CLANG_WARN_BOOL_CONVERSION = YES;
				CLANG_WARN_COMMA = YES;
				CLANG_WARN_CONSTANT_CONVERSION = YES;
				CLANG_WARN_DEPRECATED_OBJC_IMPLEMENTATIONS = YES;
				CLANG_WARN_DIRECT_OBJC_ISA_USAGE = YES_ERROR;
				CLANG_WARN_DOCUMENTATION_COMMENTS = YES;
				CLANG_WARN_EMPTY_BODY = YES;
				CLANG_WARN_ENUM_CONVERSION = YES;
				CLANG_WARN_INFINITE_RECURSION = YES;
				CLANG_WARN_INT_CONVERSION = YES;
				CLANG_WARN_NON_LITERAL_NULL_CONVERSION = YES;
				CLANG_WARN_OBJC_IMPLICIT_RETAIN_SELF = YES;
				CLANG_WARN_OBJC_LITERAL_CONVERSION = YES;
				CLANG_WARN_OBJC_ROOT_CLASS = YES_ERROR;
				CLANG_WARN_QUOTED_INCLUDE_IN_FRAMEWORK_HEADER = YES;
				CLANG_WARN_RANGE_LOOP_ANALYSIS = YES;
				CLANG_WARN_STRICT_PROTOTYPES = YES;
				CLANG_WARN_SUSPICIOUS_MOVE = YES;
				CLANG_WARN_UNGUARDED_AVAILABILITY = YES_AGGRESSIVE;
				CLANG_WARN_UNREACHABLE_CODE = YES;
				CLANG_WARN__DUPLICATE_METHOD_MATCH = YES;
				COPY_PHASE_STRIP = NO;
				DEBUG_INFORMATION_FORMAT = "dwarf-with-dsym";
				ENABLE_NS_ASSERTIONS = NO;
				ENABLE_STRICT_OBJC_MSGSEND = YES;
				GCC_C_LANGUAGE_STANDARD = gnu11;
				GCC_NO_COMMON_BLOCKS = YES;
				GCC_WARN_64_TO_32_BIT_CONVERSION = YES;
				GCC_WARN_ABOUT_RETURN_TYPE = YES_ERROR;
				GCC_WARN_UNDECLARED_SELECTOR = YES;
				GCC_WARN_UNINITIALIZED_AUTOS = YES_AGGRESSIVE;
				GCC_WARN_UNUSED_FUNCTION = YES;
				GCC_WARN_UNUSED_VARIABLE = YES;
				IPHONEOS_DEPLOYMENT_TARGET = 16.0;
				MTL_ENABLE_DEBUG_INFO = NO;
				MTL_FAST_MATH = YES;
				SDKROOT = iphoneos;
				SWIFT_COMPILATION_MODE = wholemodule;
				SWIFT_OPTIMIZATION_LEVEL = "-O";
				VALIDATE_PRODUCT = YES;
			};
			name = Release;
		};
		DB8959702915620100D370B7 /* Debug */ = {
			isa = XCBuildConfiguration;
			buildSettings = {
				ASSETCATALOG_COMPILER_APPICON_NAME = AppIcon;
				ASSETCATALOG_COMPILER_GLOBAL_ACCENT_COLOR_NAME = AccentColor;
				CODE_SIGN_STYLE = Automatic;
				CURRENT_PROJECT_VERSION = 1;
				DEVELOPMENT_TEAM = 46SB5959W9;
				GENERATE_INFOPLIST_FILE = YES;
				INFOPLIST_FILE = VillageApp/Info.plist;
				INFOPLIST_KEY_CFBundleDisplayName = Twister;
				INFOPLIST_KEY_UIApplicationSupportsIndirectInputEvents = YES;
				INFOPLIST_KEY_UILaunchStoryboardName = LaunchScreen;
				INFOPLIST_KEY_UISupportedInterfaceOrientations = UIInterfaceOrientationPortrait;
				INFOPLIST_KEY_UISupportedInterfaceOrientations_iPad = "UIInterfaceOrientationPortrait UIInterfaceOrientationPortraitUpsideDown";
				IPHONEOS_DEPLOYMENT_TARGET = 14.0;
				LD_RUNPATH_SEARCH_PATHS = (
					"$(inherited)",
					"@executable_path/Frameworks",
				);
				MARKETING_VERSION = 1.0;
				PRODUCT_BUNDLE_IDENTIFIER = com.ios.VillageApp;
				PRODUCT_NAME = "$(TARGET_NAME)";
				SUPPORTED_PLATFORMS = "iphoneos iphonesimulator";
				SUPPORTS_MACCATALYST = NO;
				SUPPORTS_MAC_DESIGNED_FOR_IPHONE_IPAD = NO;
				SWIFT_EMIT_LOC_STRINGS = YES;
				SWIFT_VERSION = 5.0;
				TARGETED_DEVICE_FAMILY = "1,2";
			};
			name = Debug;
		};
		DB8959712915620100D370B7 /* Release */ = {
			isa = XCBuildConfiguration;
			buildSettings = {
				ASSETCATALOG_COMPILER_APPICON_NAME = AppIcon;
				ASSETCATALOG_COMPILER_GLOBAL_ACCENT_COLOR_NAME = AccentColor;
				CODE_SIGN_STYLE = Automatic;
				CURRENT_PROJECT_VERSION = 1;
				DEVELOPMENT_TEAM = 46SB5959W9;
				GENERATE_INFOPLIST_FILE = YES;
				INFOPLIST_FILE = VillageApp/Info.plist;
				INFOPLIST_KEY_CFBundleDisplayName = Twister;
				INFOPLIST_KEY_UIApplicationSupportsIndirectInputEvents = YES;
				INFOPLIST_KEY_UILaunchStoryboardName = LaunchScreen;
				INFOPLIST_KEY_UISupportedInterfaceOrientations = UIInterfaceOrientationPortrait;
				INFOPLIST_KEY_UISupportedInterfaceOrientations_iPad = "UIInterfaceOrientationPortrait UIInterfaceOrientationPortraitUpsideDown";
				IPHONEOS_DEPLOYMENT_TARGET = 14.0;
				LD_RUNPATH_SEARCH_PATHS = (
					"$(inherited)",
					"@executable_path/Frameworks",
				);
				MARKETING_VERSION = 1.0;
				PRODUCT_BUNDLE_IDENTIFIER = com.ios.VillageApp;
				PRODUCT_NAME = "$(TARGET_NAME)";
				SUPPORTED_PLATFORMS = "iphoneos iphonesimulator";
				SUPPORTS_MACCATALYST = NO;
				SUPPORTS_MAC_DESIGNED_FOR_IPHONE_IPAD = NO;
				SWIFT_EMIT_LOC_STRINGS = YES;
				SWIFT_VERSION = 5.0;
				TARGETED_DEVICE_FAMILY = "1,2";
			};
			name = Release;
		};
/* End XCBuildConfiguration section */

/* Begin XCConfigurationList section */
		DB895956291561FF00D370B7 /* Build configuration list for PBXProject "VillageApp" */ = {
			isa = XCConfigurationList;
			buildConfigurations = (
				DB89596D2915620100D370B7 /* Debug */,
				DB89596E2915620100D370B7 /* Release */,
			);
			defaultConfigurationIsVisible = 0;
			defaultConfigurationName = Release;
		};
		DB89596F2915620100D370B7 /* Build configuration list for PBXNativeTarget "VillageApp" */ = {
			isa = XCConfigurationList;
			buildConfigurations = (
				DB8959702915620100D370B7 /* Debug */,
				DB8959712915620100D370B7 /* Release */,
			);
			defaultConfigurationIsVisible = 0;
			defaultConfigurationName = Release;
		};
/* End XCConfigurationList section */

/* Begin XCRemoteSwiftPackageReference section */
		DB4B52D929182B1F00141FE0 /* XCRemoteSwiftPackageReference "firebase-ios-sdk" */ = {
			isa = XCRemoteSwiftPackageReference;
			repositoryURL = "https://github.com/firebase/firebase-ios-sdk.git";
			requirement = {
				kind = upToNextMajorVersion;
				minimumVersion = 9.0.0;
			};
		};
/* End XCRemoteSwiftPackageReference section */

/* Begin XCSwiftPackageProductDependency section */
		DB4B52DA29182B1F00141FE0 /* FirebaseAuth */ = {
			isa = XCSwiftPackageProductDependency;
			package = DB4B52D929182B1F00141FE0 /* XCRemoteSwiftPackageReference "firebase-ios-sdk" */;
			productName = FirebaseAuth;
		};
		DB4B52E029182B1F00141FE0 /* FirebaseFirestore */ = {
			isa = XCSwiftPackageProductDependency;
			package = DB4B52D929182B1F00141FE0 /* XCRemoteSwiftPackageReference "firebase-ios-sdk" */;
			productName = FirebaseFirestore;
		};
/* End XCSwiftPackageProductDependency section */

/* Begin XCVersionGroup section */
		DBC0A4A52928E46100A10DC8 /* AppModel.xcdatamodeld */ = {
			isa = XCVersionGroup;
			children = (
				DBC0A4A62928E46100A10DC8 /* AppModel.xcdatamodel */,
			);
			currentVersion = DBC0A4A62928E46100A10DC8 /* AppModel.xcdatamodel */;
			path = AppModel.xcdatamodeld;
			sourceTree = "<group>";
			versionGroupType = wrapper.xcdatamodel;
		};
/* End XCVersionGroup section */
	};
	rootObject = DB895953291561FF00D370B7 /* Project object */;
}
